version = 1
revision = 3
requires-python = ">=3.12"

[[package]]
name = "asgiref"
version = "3.12.1"
source = { registry = "https://pypi.org/simple" }
sdist = { url = "https://files.pythonhosted.org/packages/e6/26/3b59f2bdae5f640389becb1f673cded775287f5fc4f816309d9ca9a3f93d/asgiref-3.12.1.tar.gz", hash = "sha256:59dcb51c272ad209d59bed5708a64a333083e86017d7fcdd67498eeab7784340", size = 42378, upload-time = "2026-07-14T09:56:18.087Z" }
wheels = [
    { url = "https://files.pythonhosted.org/packages/c0/1b/54f4ad77cd8a584fa70746c47df988e002cf1ee1eba43364d46f87803647/asgiref-3.12.1-py3-none-any.whl", hash = "sha256:fe386d1c2bff7259ea95929266d12a8cf9a8b5a1c2598402967d8792e7a7c094", size = 25478, upload-time = "2026-07-14T09:56:16.926Z" },
]

[[package]]
name = "django"
version = "6.1.1"
source = { registry = "https://pypi.org/simple" }
dependencies = [
    { name = "asgiref" },
    { name = "sqlparse" },
    { name = "tzdata", marker = "sys_platform == 'win32'" },
]
sdist = { url = "https://files.pythonhosted.org/packages/f8/d4/8314b5bdef20832f0ac6ae3b3e4d4924e4759fa3b4af27609dd747e7a6be/django-6.1.1.tar.gz", hash = "sha256:7ab93536d8e677aa14554c56426290c69480bf2ee68d7513d4a22f57d6bfeb84", size = 11284905, upload-time = "2026-09-02T17:20:45.621Z" }
wheels = [
    { url = "https://files.pythonhosted.org/packages/8d/ca/c1040a4fd15754ede7df15fd72fc2e123045b473b253ab5f5284e11c651e/django-6.1.1-py3-none-any.whl", hash = "sha256:585fb82bf15053c42cf52e67c2f1b54a032dca384759315fd6678ab1870d1d72", size = 8419512, upload-time = "2026-09-02T17:20:39.153Z" },
]

[[package]]
name = "dnspython"
version = "2.8.0"
source = { registry = "https://pypi.org/simple" }
sdist = { url = "https://files.pythonhosted.org/packages/8c/8b/57666417c0f90f08bcafa776861060426765fdb422eb10212086fb811d26/dnspython-2.8.0.tar.gz", hash = "sha256:181d3c6996452cb1189c4046c61599b84a5a86e099562ffde77d26984ff26d0f", size = 368251, upload-time = "2025-09-07T18:58:00.022Z" }
wheels = [
    { url = "https://files.pythonhosted.org/packages/ba/5a/18ad964b0086c6e62e2e7500f7edc89e3faa45033c71c1893d34eed2b2de/dnspython-2.8.0-py3-none-any.whl", hash = "sha256:01d9bbc4a2d76bf0db7c1f729812ded6d912bd318d3b1cf81d30c0f845dbf3af", size = 331094, upload-time = "2025-09-07T18:57:58.071Z" },
]

[[package]]
name = "pymongo"
version = "4.18.0"
source = { registry = "https://pypi.org/simple" }
dependencies = [
    { name = "dnspython" },
]
sdist = { url = "https://files.pythonhosted.org/packages/a1/0a/d4daac76f66c466c20f00215064d43f4eb4b0aba8f2d8ecabdcc13102bc5/pymongo-4.18.0.tar.gz", hash = "sha256:6f33cd2033e8ea216d3069b5ebea79ded74ef2a93f69a93b26cf310082f9b5b9", size = 2741743, upload-time = "2026-09-03T16:01:06.074Z" }
wheels = [
    { url = "https://files.pythonhosted.org/packages/71/45/b0d2f2c463d4c74eec652bb4bfaa7107c0ccc0880ad06d3d384f6c393aab/pymongo-4.18.0-cp312-cp312-macosx_10_13_x86_64.whl", hash = "sha256:209aa073b8939bfbdae0e74d76c85db4ad8681aa4ec157d6db3aa5e0ada6ec8d", size = 818678, upload-time = "2026-09-03T15:59:24.918Z" },
    { url = "https://files.pythonhosted.org/packages/00/6a/c08d9c0131ea86fc13837d8b4c90264ace36c2c6823a65e2af07819c24e3/pymongo-4.18.0-cp312-cp312-macosx_11_0_arm64.whl", hash = "sha256:bd37241ae704da14b71961da2b6a862a6100bfa83419782de3c3e2336a5d330e", size = 819107, upload-time = "2026-09-03T15:59:26.718Z" },
    { url = "https://files.pythonhosted.org/packages/37/50/f5204dc860cf219b744e70f8c69b8ae7b08093acb200d56c3fd7b10b59b5/pymongo-4.18.0-cp312-cp312-manylinux1_i686.manylinux_2_28_i686.manylinux_2_5_i686.whl", hash = "sha256:47f443322528b03106c7bcc4784288ae35fe5d7bf4cf99a9d79cb4b582a3ecdc", size = 1039079, upload-time = "2026-09-03T15:59:28.477Z" },
    { url = "https://files.pythonhosted.org/packages/f0/3f/7a4a9d3f8d0dfed987914dcd77bf87e2091889b1b1b5076b73deddf2ccf4/pymongo-4.18.0-cp312-cp312-manylinux2014_aarch64.manylinux_2_17_aarch64.manylinux_2_28_aarch64.whl", hash = "sha256:751c2cc268e0a43e53ed6d41d3c36ca23f048b35714a9e1c83a3b3216bda37af", size = 1050403, upload-time = "2026-09-03T15:59:30.501Z" },
    { url = "https://files.pythonhosted.org/packages/21/7a/9916952952bebc37b0cc1b7544e494da33ebe779581dc7d5ceca020eac8e/pymongo-4.18.0-cp312-cp312-manylinux2014_ppc64le.manylinux_2_17_ppc64le.manylinux_2_28_ppc64le.whl", hash = "sha256:b48d37852d45673a6ef38cc91fdee6ad59eef74d1f24691c6f19069a5de936ac", size = 1075134, upload-time = "2026-09-03T15:59:32.509Z" },
    { url = "https://files.pythonhosted.org/packages/ba/57/54b5f915b3daa31fe4a93f04700bd0f17570fabc90a7d7c107aa3da14248/pymongo-4.18.0-cp312-cp312-manylinux2014_s390x.manylinux_2_17_s390x.manylinux_2_28_s390x.whl", hash = "sha256:e84103297ac0d1f3079ba6891b1f5f3f9459cbe1a61ad5465643c311021bec6a", size = 1068019, upload-time = "2026-09-03T15:59:34.859Z" },
    { url = "https://files.pythonhosted.org/packages/e0/a5/9987c5b2f909f9b7796de7e3c5ea3f9d7ebe3e3454862904e80bd6c37654/pymongo-4.18.0-cp312-cp312-manylinux2014_x86_64.manylinux_2_17_x86_64.manylinux_2_28_x86_64.whl", hash = "sha256:21a0b97c0fcb9ce63895e37642e64dbb119b27053f7b5292ca9dfb597c1bca5f", size = 1049555, upload-time = "2026-09-03T15:59:36.573Z" },
    { url = "https://files.pythonhosted.org/packages/76/5d/ce8c73aaf26461232efe31659b448699f46f29dfa7fd2726e582bf9b6ec8/pymongo-4.18.0-cp312-cp312-win32.whl", hash = "sha256:7ab8e8f9d636a199a60c01427eff854b52d3bec5023e7ed516b3b0e26ee088f6", size = 814802, upload-time = "2026-09-03T15:59:38.308Z" },
    { url = "https://files.pythonhosted.org/packages/5a/ae/ab46e8a875675b9b0ab76f04e30267f8d56988b776977c29584a2ae3f0be/pymongo-4.18.0-cp312-cp312-win_amd64.whl", hash = "sha256:96bd084e388afa10eda7ea7e2e2c7b070589ff180ae7a61b7af9039747c2848f", size = 820395, upload-time = "2026-09-03T15:59:40.077Z" },
    { url = "https://files.pythonhosted.org/packages/eb/a3/81e90bba3e5e011ba818854f84efc5480386349aa8039f85b5ed196f7264/pymongo-4.18.0-cp312-cp312-win_arm64.whl", hash = "sha256:9a50d8ad7310b87e09d34ddf398c3d347d1ab28599b7f181d432a59ce89cb6ac", size = 815303, upload-time = "2026-09-03T15:59:41.997Z" },
    { url = "https://files.pythonhosted.org/packages/df/b1/6602487d94f6aef7677b18fe149bb0693fa209acf3b339a44ad8bc4060b2/pymongo-4.18.0-cp313-cp313-macosx_10_13_x86_64.whl", hash = "sha256:29c60dce70a300a09c0af39c2dbebd1a0199db9eb4d3ef03a4eeb587e7675668", size = 818600, upload-time = "2026-09-03T15:59:43.753Z" },
    { url = "https://files.pythonhosted.org/packages/ca/eb/c5beaf94967ef5c9aaf9db65fbe1d82337f7cf9c6b6df6c0e8d4c70f9e13/pymongo-4.18.0-cp313-cp313-macosx_11_0_arm64.whl", hash = "sha256:0d821ca5865e88c2dc29e259a191d770a53093c6749c6b228f18b078cb598faf", size = 818942, upload-time = "2026-09-03T15:59:45.515Z" },
    { url = "https://files.pythonhosted.org/packages/59/18/3a19ece4d253e6be1d5e293701c2948330927a7e91d19372e9c4a04e2139/pymongo-4.18.0-cp313-cp313-manylinux1_i686.manylinux_2_28_i686.manylinux_2_5_i686.whl", hash = "sha256:0a61148df54b254b4157aaba2139cb8fc97b8232281d783e0b7b2d58cb000fcb", size = 1039154, upload-time = "2026-09-03T15:59:47.222Z" },
    { url = "https://files.pythonhosted.org/packages/50/95/944159a0c4bd68c40f3a96c617d3d1815768e23cd0cb0b730827c7a9115b/pymongo-4.18.0-cp313-cp313-manylinux2014_aarch64.manylinux_2_17_aarch64.manylinux_2_28_aarch64.whl", hash = "sha256:eda647930ecf0419fb3cecc448c40020e3871adbae523b302d15d2c49d22c866", size = 1050185, upload-time = "2026-09-03T15:59:49.268Z" },
    { url = "https://files.pythonhosted.org/packages/3f/90/70faae774a27545f6e9d085877a1acc884e48b0e7afadf51d2f17eab15ae/pymongo-4.18.0-cp313-cp313-manylinux2014_ppc64le.manylinux_2_17_ppc64le.manylinux_2_28_ppc64le.whl", hash = "sha256:04766d0930bc06dc99e3274a800fb81e85f2629f27ba7bc326e2d4d13ea449d5", size = 1074933, upload-time = "2026-09-03T15:59:51.246Z" },
    { url = "https://files.pythonhosted.org/packages/08/e1/fb0807668b8ffc0ffbe92786cb0ed6c10e70c32be5123fd49ff4ff2006e2/pymongo-4.18.0-cp313-cp313-manylinux2014_s390x.manylinux_2_17_s390x.manylinux_2_28_s390x.whl", hash = "sha256:368cd67dd1d3ead5836c20457b84d674256f27b3e99c332d085081680c8465b9", size = 1067686, upload-time = "2026-09-03T15:59:52.951Z" },
    { url = "https://files.pythonhosted.org/packages/bd/dc/7c620995d4dff3eb1fdf62236844f3cb67d3042ed1a6d4f4059ef5dc79a6/pymongo-4.18.0-cp313-cp313-manylinux2014_x86_64.manylinux_2_17_x86_64.manylinux_2_28_x86_64.whl", hash = "sha256:c9b8e25f672f5b2b30c6b834e162454e721cf1f782e753f0e9ea3bca225900f3", size = 1049459, upload-time = "2026-09-03T15:59:54.958Z" },
    { url = "https://files.pythonhosted.org/packages/e7/25/a317ab554f604ce30fa778af82264627a7784c4a750c3d8459589f751cf4/pymongo-4.18.0-cp313-cp313-win32.whl", hash = "sha256:f15feb666fa56a43e4b318471eff7fba6facbfc3b2555185a0fef871f6b9ccf1", size = 814841, upload-time = "2026-09-03T15:59:56.657Z" },
    { url = "https://files.pythonhosted.org/packages/6e/58/a2a4b209a3066db88d82c9b44e5b75286aa5a00172dbca357af20bb8b1e4/pymongo-4.18.0-cp313-cp313-win_amd64.whl", hash = "sha256:a2d96ad52eca16939564cbae9c91ffa92a9705ad46cb8d5de26b95dba0d40793", size = 820431, upload-time = "2026-09-03T15:59:58.745Z" },
    { url = "https://files.pythonhosted.org/packages/d5/fa/8cd86494c9001f8e5331f51384b187962696bac3188fcbe05f7edf8dceed/pymongo-4.18.0-cp313-cp313-win_arm64.whl", hash = "sha256:b230196ea62fc4542d9d6b78ddd9dbf0c9437ac2fde5810f7305377ae50fed11", size = 815328, upload-time = "2026-09-03T16:00:01.029Z" },
    { url = "https://files.pythonhosted.org/packages/db/86/6c79e21ddad4a9165f5023c723220f23c68012949efaa89a02d13a684bff/pymongo-4.18.0-cp314-cp314-macosx_10_15_x86_64.whl", hash = "sha256:4343c06f00fafdd8c8d73521ed8b4c468aa74e1b8f65cd757fb5f6ac3df685b3", size = 818495, upload-time = "2026-09-03T16:00:02.951Z" },
    { url = "https://files.pythonhosted.org/packages/62/25/5b783fa8d6cb08d9590e56969accab39194e801f35a174c77d494dcefb94/pymongo-4.18.0-cp314-cp314-macosx_11_0_arm64.whl", hash = "sha256:277e61864ad6a064d75d7efbf5ce0e57378c420e48af6b7bad63e8356dcb22e1", size = 819063, upload-time = "2026-09-03T16:00:04.866Z" },
    { url = "https://files.pythonhosted.org/packages/ad/19/f671bdb2533ef47ba49bd1cd2a65c16c2e5540abd9f48f0c8661a7243c56/pymongo-4.18.0-cp314-cp314-manylinux1_i686.manylinux_2_28_i686.manylinux_2_5_i686.whl", hash = "sha256:b43545a785e4054db2f712ae7d2a640874500a2352e705dbe49c8a1b90de87f2", size = 1040923, upload-time = "2026-09-03T16:00:06.906Z" },
    { url = "https://files.pythonhosted.org/packages/b0/36/3c4d10c334f76dcd135313ca21d3a902f13a3e46438b36bbea9413ab7fbf/pymongo-4.18.0-cp314-cp314-manylinux2014_aarch64.manylinux_2_17_aarch64.manylinux_2_28_aarch64.whl", hash = "sha256:34f3c9adcc26dbfdc50cbb27da5c369588e6862241ea5cf96d33139f57fd9e0b", size = 1050899, upload-time = "2026-09-03T16:00:08.976Z" },
    { url = "https://files.pythonhosted.org/packages/76/80/f7f686185a7e386dd1d9ad4bde0353a5150b7a1129957beed764bcf900fa/pymongo-4.18.0-cp314-cp314-manylinux2014_ppc64le.manylinux_2_17_ppc64le.manylinux_2_28_ppc64le.whl", hash = "sha256:cd7577d4f28c882b42b356f86f7cf7566698beb347b75dcd742ffe5aac3c3462", size = 1074920, upload-time = "2026-09-03T16:00:11.099Z" },
    { url = "https://files.pythonhosted.org/packages/19/5e/072839ec02e1a11518120bcc81e59a60f2e3d3629e760f05e0a1c3b7344a/pymongo-4.18.0-cp314-cp314-manylinux2014_s390x.manylinux_2_17_s390x.manylinux_2_28_s390x.whl", hash = "sha256:3c50998113e17737fc2048e0184eda8c3aef465acc5a554fb76e2b0266805278", size = 1064362, upload-time = "2026-09-03T16:00:13.05Z" },
    { url = "https://files.pythonhosted.org/packages/d4/24/6e56a573977a60047fb8bf3646eb5eb121c689678fce4eb2f6ddd5cfbe2b/pymongo-4.18.0-cp314-cp314-manylinux2014_x86_64.manylinux_2_17_x86_64.manylinux_2_28_x86_64.whl", hash = "sha256:b88f2dfa33e1680e8990b45036c7cdb79c5c5e0b1f08b2e5c942893d76853eb6", size = 1049153, upload-time = "2026-09-03T16:00:15.047Z" },
    { url = "https://files.pythonhosted.org/packages/8f/6b/bf0bc7eab0df3e7ef0669ceadbf25528f41fe304979335e49d79c4012515/pymongo-4.18.0-cp314-cp314-win32.whl", hash = "sha256:13b1ad2110fbc8ec151e996ae8ea22727db8b2bd48515141d76d4fb54bd07da3", size = 815986, upload-time = "2026-09-03T16:00:16.919Z" },
    { url = "https://files.pythonhosted.org/packages/14/9f/630977caf0b8022c8a6b2a55c242c7d264ce519bb5a68d8736de338866ce/pymongo-4.18.0-cp314-cp314-win_amd64.whl", hash = "sha256:e11e86c9a0f81d23cdd0d0a42a9312c888139d7d330ddd744973d79fec87630c", size = 821904, upload-time = "2026-09-03T16:00:18.921Z" },
    { url = "https://files.pythonhosted.org/packages/ce/8a/8a6de9d310207a070ebbf78e93bcda6e1cf9cf137368b73efc2d2b83c704/pymongo-4.18.0-cp314-cp314-win_arm64.whl", hash = "sha256:4c6f85e33ef338148cd70bc682fc73bfd202a1cde554057d807905d2310767ad", size = 816438, upload-time = "2026-09-03T16:00:20.935Z" },
    { url = "https://files.pythonhosted.org/packages/98/d6/a2ae13bad8d503115ea4f900802c07e0cc5d897e60c5ab04fb6a36044afc/pymongo-4.18.0-cp314-cp314t-macosx_10_15_x86_64.whl", hash = "sha256:03de6fdfbcd4ad0634313956bffcced13abc9e575b9c74dec70f69cc248b501c", size = 821472, upload-time = "2026-09-03T16:00:22.873Z" },
    { url = "https://files.pythonhosted.org/packages/9d/ba/0600e7c3bdfc8fc9166ae25272751f2a47e436ad451e45e8d0152227e869/pymongo-4.18.0-cp314-cp314t-macosx_11_0_arm64.whl", hash = "sha256:e8dd4a0c2bd52dd9f78d8808578d5f2ecf1b0fab41a4a169400c969a3e06ae65", size = 821909, upload-time = "2026-09-03T16:00:24.839Z" },
    { url = "https://files.pythonhosted.org/packages/27/4c/dc1121d8c949f50f010c15a521a424042322087c553c649b42c16ca15e6b/pymongo-4.18.0-cp314-cp314t-manylinux1_i686.manylinux_2_28_i686.manylinux_2_5_i686.whl", hash = "sha256:5a0e70d348d87e50406bc932f7998a40cc6cfdd4b0628dd0c00ff2470f07e3b1", size = 1105313, upload-time = "2026-09-03T16:00:26.919Z" },
    { url = "https://files.pythonhosted.org/packages/9c/0e/37dc8e6cbb25777dfaadb478fee6d5672ebd14eec1ac74eafb8bcda8b2bd/pymongo-4.18.0-cp314-cp314t-manylinux2014_aarch64.manylinux_2_17_aarch64.manylinux_2_28_aarch64.whl", hash = "sha256:ee7ed67136ee8e69c53c657253dbfe19486edd9560a3d8363cc0ee3614b52297", size = 1125099, upload-time = "2026-09-03T16:00:29.079Z" },
    { url = "https://files.pythonhosted.org/packages/d7/15/0c5e21f6d257c5876632aea3b1a38440577f089d94811d757256e773d98d/pymongo-4.18.0-cp314-cp314t-manylinux2014_ppc64le.manylinux_2_17_ppc64le.manylinux_2_28_ppc64le.whl", hash = "sha256:abd0db088de3935b87aa27398d6fa98718c3a1d84e36ffbb927a353a9d76a032", size = 1144554, upload-time = "2026-09-03T16:00:31.121Z" },
    { url = "https://files.pythonhosted.org/packages/93/15/1d57e1a4f922de348ffd6595488f7855a46f7d2152a9ca991d0b878657d2/pymongo-4.18.0-cp314-cp314t-manylinux2014_s390x.manylinux_2_17_s390x.manylinux_2_28_s390x.whl", hash = "sha256:721f9b1a378d5bbf1bc2b9de2b7d3eeb4466d2878c7f430d483af7e3f580c935", size = 1136309, upload-time = "2026-09-03T16:00:32.979Z" },
    { url = "https://files.pythonhosted.org/packages/a8/37/74392c9eaeea549c25a7e0304116cdfde79b7320bd55d652a03914b53d10/pymongo-4.18.0-cp314-cp314t-manylinux2014_x86_64.manylinux_2_17_x86_64.manylinux_2_28_x86_64.whl", hash = "sha256:d971ee533dbd7b836abec1e4ceefaeb9f6637c262561614482f213b8a19085be", size = 1117086, upload-time = "2026-09-03T16:00:35.314Z" },
    { url = "https://files.pythonhosted.org/packages/3b/3e/4dd06523d3784b9229059f8812cbed292ad36136adedf32db106796258db/pymongo-4.18.0-cp314-cp314t-win32.whl", hash = "sha256:996a87a5b9c048e3dddf497acde55c7955748572091c70e1424d3c4779171526", size = 818741, upload-time = "2026-09-03T16:00:37.27Z" },
    { url = "https://files.pythonhosted.org/packages/f5/d3/7f5ed7d37cd026b0d59b2504e4015b1370c79359f1e81ca5e3eb0428e8e1/pymongo-4.18.0-cp314-cp314t-win_amd64.whl", hash = "sha256:47627909a177036117b91a3378df8634dc8e93cf4ccd66b22086b0098d3c72de", size = 826081, upload-time = "2026-09-03T16:00:39.221Z" },
    { url = "https://files.pythonhosted.org/packages/64/02/b2606ddf52fa615d4ff3edb2aa05fb064337fa871f99ebb184a39e051cc8/pymongo-4.18.0-cp314-cp314t-win_arm64.whl", hash = "sha256:4a81d166a43e8af1e5152b6854a263ba0a8831f7dd2ca1badc716f219f4f1bc0", size = 817605, upload-time = "2026-09-03T16:00:41.547Z" },
]

[[package]]
name = "python-dotenv"
version = "1.2.3"
source = { registry = "https://pypi.org/simple" }
sdist = { url = "https://files.pythonhosted.org/packages/6a/53/ed9d74092561d4b01a2ef1349d52cdbc135e526c245f366b089cfca6de49/python_dotenv-1.2.3.tar.gz", hash = "sha256:a20a594dabeaa385725aa239d5244871c143ecb356add8a20fcf23773a6c3a35", size = 58945, upload-time = "2026-08-16T16:54:54.067Z" }
wheels = [
    { url = "https://files.pythonhosted.org/packages/0d/17/c5c6b53ddc18f297992099b3d9ec16c855c0ccc83263a21fe4d1c625ec6c/python_dotenv-1.2.3-py3-none-any.whl", hash = "sha256:904552145e8bfed22162c09dab1c2b9b54fefa7b23ba780f4f26ca0316b0f0d9", size = 22780, upload-time = "2026-08-16T16:54:52.473Z" },
]

[[package]]
name = "shortlink"
version = "0.1.0"
source = { virtual = "." }
dependencies = [
    { name = "django" },
    { name = "pymongo" },
    { name = "python-dotenv" },
]

[package.metadata]
requires-dist = [
    { name = "django", specifier = ">=6.1" },
    { name = "pymongo", specifier = ">=4.18" },
    { name = "python-dotenv", specifier = ">=1.0" },
]

[[package]]
name = "sqlparse"
version = "0.6.0"
source = { registry = "https://pypi.org/simple" }
sdist = { url = "https://files.pythonhosted.org/packages/5f/d3/3f06a1006f2261d1342aefb3c71eed02f5d4ca5bdbecd86ebc12ad38306e/sqlparse-0.6.0.tar.gz", hash = "sha256:113c35c75365ab9cc9c7231d68c6428fb11c085fc8e9eb1ad659b7ddbf6cd2b9", size = 178477, upload-time = "2026-08-13T19:16:06.396Z" }
wheels = [
    { url = "https://files.pythonhosted.org/packages/d9/50/f00935da0ec7cbf325f8dc4f772ae46fbc7b672dd62876e73f0a94adda57/sqlparse-0.6.0-py3-none-any.whl", hash = "sha256:b861c0288ce2fa56209a9a6412d2e066ac664b3873b89c26c9d8415e8e32996f", size = 50070, upload-time = "2026-08-13T19:16:04.062Z" },
]

[[package]]
name = "tzdata"
version = "2026.3"
source = { registry = "https://pypi.org/simple" }
sdist = { url = "https://files.pythonhosted.org/packages/92/ff/5a28bdfd8c3ebec42564ac7d0e54ca3db65044a9314a97f9564fa7a1e926/tzdata-2026.3.tar.gz", hash = "sha256:4a1518b8993086a7982523e071643f3c0e5f213e75b21318e78bcabfff9d1415", size = 198674, upload-time = "2026-07-10T08:50:37.887Z" }
wheels = [
    { url = "https://files.pythonhosted.org/packages/e5/6d/b53b99a9f2766d095985947a5782f1702cabb129a34f7a802d7197af832f/tzdata-2026.3-py2.py3-none-any.whl", hash = "sha256:dc096730c87af6cab1b171c9d532be840741ff5d459015e7f6947bd7d7e54931", size = 348168, upload-time = "2026-07-10T08:50:36.46Z" },
]
